{
  "name": "4.5",
  "lockfileVersion": 2,
  "requires": true,
  "packages": {
    "": {
      "dependencies": {
        "types-registry": "^0.1.575"
      },
      "devDependencies": {
        "@types/accepts": "^1.3.5",
        "@types/body-parser": "^1.19.2",
        "@types/bytes": "^3.1.1",
        "@types/content-disposition": "^0.5.4",
        "@types/content-type": "^1.1.5",
        "@types/cookie": "^0.4.1",
        "@types/cookie-signature": "^1.0.4",
        "@types/debug": "^4.1.7",
        "@types/depd": "^1.1.32",
        "@types/destroy": "^1.0.0",
        "@types/ee-first": "^1.1.0",
        "@types/encodeurl": "^1.0.0",
        "@types/escape-html": "^1.0.1",
        "@types/etag": "^1.8.1",
        "@types/express": "^4.17.13",
        "@types/finalhandler": "^1.1.1",
        "@types/forwarded": "^0.1.0",
        "@types/fresh": "^0.5.0",
        "@types/http-errors": "^1.8.1",
        "@types/inherits": "^0.0.30",
        "@types/isarray": "^2.0.0",
        "@types/media-typer": "^1.1.1",
        "@types/merge-descriptors": "^1.0.1",
        "@types/methods": "^1.1.1",
        "@types/mime": "^2.0.3",
        "@types/mime-db": "^1.43.1",
        "@types/mime-types": "^2.1.1",
        "@types/ms": "^0.7.31",
        "@types/mysql": "^2.15.20",
        "@types/negotiator": "^0.6.1",
        "@types/node": "^17.0.8",
        "@types/on-finished": "^2.3.1",
        "@types/parseurl": "^1.3.1",
        "@types/proxy-addr": "^2.0.0",
        "@types/qs": "^6.9.7",
        "@types/range-parser": "^1.2.4",
        "@types/readable-stream": "^2.3.13",
        "@types/safer-buffer": "^2.1.0",
        "@types/send": "^0.17.1",
        "@types/serve-static": "^1.13.10",
        "@types/sqlstring": "^2.3.0",
        "@types/statuses": "^2.0.0",
        "@types/type-is": "^1.6.3",
        "@types/util-deprecate": "^1.0.0",
        "@types/utils-merge": "^0.0.28",
        "@types/vary": "^1.1.0"
      }
    },
    "node_modules/@types/accepts": {
      "version": "1.3.5",
      "resolved": "https://registry.npmjs.org/@types/accepts/-/accepts-1.3.5.tgz",
      "integrity": "sha512-jOdnI/3qTpHABjM5cx1Hc0sKsPoYCp+DP/GJRGtDlPd7fiV9oXGGIcjW/ZOxLIvjGz8MA+uMZI9metHlgqbgwQ==",
      "dev": true,
      "dependencies": {
        "@types/node": "*"
      }
    },
    "node_modules/@types/body-parser": {
      "version": "1.19.2",
      "resolved": "https://registry.npmjs.org/@types/body-parser/-/body-parser-1.19.2.tgz",
      "integrity": "sha512-ALYone6pm6QmwZoAgeyNksccT9Q4AWZQ6PvfwR37GT6r6FWUPguq6sUmNGSMV2Wr761oQoBxwGGa6DR5o1DC9g==",
      "dev": true,
      "dependencies": {
        "@types/connect": "*",
        "@types/node": "*"
      }
    },
    "node_modules/@types/bytes": {
      "version": "3.1.1",
      "resolved": "https://registry.npmjs.org/@types/bytes/-/bytes-3.1.1.tgz",
      "integrity": "sha512-lOGyCnw+2JVPKU3wIV0srU0NyALwTBJlVSx5DfMQOFuuohA8y9S8orImpuIQikZ0uIQ8gehrRjxgQC1rLRi11w==",
      "dev": true
    },
    "node_modules/@types/connect": {
      "version": "3.4.35",
      "dev": true,
      "license": "MIT",
      "dependencies": {
        "@types/node": "*"
      }
    },
    "node_modules/@types/content-disposition": {
      "version": "0.5.4",
      "resolved": "https://registry.npmjs.org/@types/content-disposition/-/content-disposition-0.5.4.tgz",
      "integrity": "sha512-0mPF08jn9zYI0n0Q/Pnz7C4kThdSt+6LD4amsrYDDpgBfrVWa3TcCOxKX1zkGgYniGagRv8heN2cbh+CAn+uuQ==",
      "dev": true
    },
    "node_modules/@types/content-type": {
      "version": "1.1.5",
      "resolved": "https://registry.npmjs.org/@types/content-type/-/content-type-1.1.5.tgz",
      "integrity": "sha512-dgMN+syt1xb7Hk8LU6AODOfPlvz5z1CbXpPuJE5ZrX9STfBOIXF09pEB8N7a97WT9dbngt3ksDCm6GW6yMrxfQ==",
      "dev": true
    },
    "node_modules/@types/cookie": {
      "version": "0.4.1",
      "resolved": "https://registry.npmjs.org/@types/cookie/-/cookie-0.4.1.tgz",
      "integrity": "sha512-XW/Aa8APYr6jSVVA1y/DEIZX0/GMKLEVekNG727R8cs56ahETkRAy/3DR7+fJyh7oUgGwNQaRfXCun0+KbWY7Q==",
      "dev": true
    },
    "node_modules/@types/cookie-signature": {
      "version": "1.0.4",
      "resolved": "https://registry.npmjs.org/@types/cookie-signature/-/cookie-signature-1.0.4.tgz",
      "integrity": "sha512-B9LOCjVnLniz5NHq8pPFQdDjRGtLZKYG7tQHveMeUalWvZgOuLQ5OeWgx3y4/WLJFt0N+tYyk8HMEOsvCjf7Yw==",
      "dev": true
    },
    "node_modules/@types/debug": {
      "version": "4.1.7",
      "resolved": "https://registry.npmjs.org/@types/debug/-/debug-4.1.7.tgz",
      "integrity": "sha512-9AonUzyTjXXhEOa0DnqpzZi6VHlqKMswga9EXjpXnnqxwLtdvPPtlO8evrI5D9S6asFRCQ6v+wpiUKbw+vKqyg==",
      "dev": true,
      "dependencies": {
        "@types/ms": "*"
      }
    },
    "node_modules/@types/depd": {
      "version": "1.1.32",
      "resolved": "https://registry.npmjs.org/@types/depd/-/depd-1.1.32.tgz",
      "integrity": "sha512-kB2cpXs3A0TGWl4a4h74yIwvclYZUTW6Irpee/3Dc1s4Cr5rGPHtpGPpBBpEV1MaKH5z/oul+57oDkEkeRXRnw==",
      "dev": true,
      "dependencies": {
        "@types/node": "*"
      }
    },
    "node_modules/@types/destroy": {
      "version": "1.0.0",
      "resolved": "https://registry.npmjs.org/@types/destroy/-/destroy-1.0.0.tgz",
      "integrity": "sha512-nE3ePJLWPRu/qFHN8mj3fWnkr9K9ezwoiG4yOis2DuLeAawlnOOT/pM29JQkityrwfEvkblU5O9iS1bsiMqtDw==",
      "dev": true,
      "dependencies": {
        "@types/node": "*"
      }
    },
    "node_modules/@types/ee-first": {
      "version": "1.1.0",
      "resolved": "https://registry.npmjs.org/@types/ee-first/-/ee-first-1.1.0.tgz",
      "integrity": "sha512-Vkq1JoYsK7Uojrh/m+esVXhue+o5yJzqJojgRZawx+BTeztuS2O9fw2f5ZbTAo1qTeD8NKfwZ8WBvdNkBOEOqA==",
      "dev": true,
      "dependencies": {
        "@types/node": "*"
      }
    },
    "node_modules/@types/encodeurl": {
      "version": "1.0.0",
      "resolved": "https://registry.npmjs.org/@types/encodeurl/-/encodeurl-1.0.0.tgz",
      "integrity": "sha512-iO2Q6xQOJ5DtOB6wJ2KIetFq9JRTbpzcKTe2aS6CCsa+W9KNWX2yXx9KeB5sY/nBfAWN43LkPg6SFB+ldsW9ZA==",
      "dev": true
    },
    "node_modules/@types/escape-html": {
      "version": "1.0.1",
      "resolved": "https://registry.npmjs.org/@types/escape-html/-/escape-html-1.0.1.tgz",
      "integrity": "sha512-4mI1FuUUZiuT95fSVqvZxp/ssQK9zsa86S43h9x3zPOSU9BBJ+BfDkXwuaU7BfsD+e7U0/cUUfJFk3iW2M4okA==",
      "dev": true
    },
    "node_modules/@types/etag": {
      "version": "1.8.1",
      "resolved": "https://registry.npmjs.org/@types/etag/-/etag-1.8.1.tgz",
      "integrity": "sha512-bsKkeSqN7HYyYntFRAmzcwx/dKW4Wa+KVMTInANlI72PWLQmOpZu96j0OqHZGArW4VQwCmJPteQlXaUDeOB0WQ==",
      "dev": true,
      "dependencies": {
        "@types/node": "*"
      }
    },
    "node_modules/@types/express": {
      "version": "4.17.13",
      "resolved": "https://registry.npmjs.org/@types/express/-/express-4.17.13.tgz",
      "integrity": "sha512-6bSZTPaTIACxn48l50SR+axgrqm6qXFIxrdAKaG6PaJk3+zuUr35hBlgT7vOmJcum+OEaIBLtHV/qloEAFITeA==",
      "dev": true,
      "dependencies": {
        "@types/body-parser": "*",
        "@types/express-serve-static-core": "^4.17.18",
        "@types/qs": "*",
        "@types/serve-static": "*"
      }
    },
    "node_modules/@types/express-serve-static-core": {
      "version": "4.17.27",
      "dev": true,
      "license": "MIT",
      "dependencies": {
        "@types/node": "*",
        "@types/qs": "*",
        "@types/range-parser": "*"
      }
    },
    "node_modules/@types/finalhandler": {
      "version": "1.1.1",
      "resolved": "https://registry.npmjs.org/@types/finalhandler/-/finalhandler-1.1.1.tgz",
      "integrity": "sha512-fT+Qs+kczrGnY9EpJpFHbdfdyKSoHUCKo3gJYbDWSSQFc18Td87AelfhMM8zqHRcP97/tk8AijV2zSUdClJK+Q==",
      "dev": true,
      "dependencies": {
        "@types/node": "*"
      }
    },
    "node_modules/@types/forwarded": {
      "version": "0.1.0",
      "resolved": "https://registry.npmjs.org/@types/forwarded/-/forwarded-0.1.0.tgz",
      "integrity": "sha512-bMAatSgDFLgJ9m+uqmGvRIeZojIZYJmFKkPT+TKFOORgMNgJrjaAnYfr464GDn2q98VKn7VhkxX2tsbO6Fvtig==",
      "dev": true,
      "dependencies": {
        "@types/node": "*"
      }
    },
    "node_modules/@types/fresh": {
      "version": "0.5.0",
      "resolved": "https://registry.npmjs.org/@types/fresh/-/fresh-0.5.0.tgz",
      "integrity": "sha512-eGPzuyc6wZM3sSHJdF7NM2jW6B/xsB014Rqg/iDa6xY02mlfy1w/TE2sYhR8vbHxkzJOXiGo6NuIk3xk35vsgQ==",
      "dev": true
    },
    "node_modules/@types/http-errors": {
      "version": "1.8.1",
      "resolved": "https://registry.npmjs.org/@types/http-errors/-/http-errors-1.8.1.tgz",
      "integrity": "sha512-e+2rjEwK6KDaNOm5Aa9wNGgyS9oSZU/4pfSMMPYNOfjvFI0WVXm29+ITRFr6aKDvvKo7uU1jV68MW4ScsfDi7Q==",
      "dev": true
    },
    "node_modules/@types/inherits": {
      "version": "0.0.30",
      "resolved": "https://registry.npmjs.org/@types/inherits/-/inherits-0.0.30.tgz",
      "integrity": "sha512-u3bSJhhwCMWsMdZhrX+PD2CsyxW0ahdrUWuC2EJCa6zQywA+nnj4+PkaGAf5nw2E7+05ww0epgY+kcxa7ojJUA==",
      "dev": true,
      "dependencies": {
        "@types/node": "*"
      }
    },
    "node_modules/@types/isarray": {
      "version": "2.0.0",
      "resolved": "https://registry.npmjs.org/@types/isarray/-/isarray-2.0.0.tgz",
      "integrity": "sha512-NHg6zbZBs+BHKCFr9iQec3k6DFqNIBdAZRPdeChYG7zFn02mJ2mLjo0rBpEoBuKa64hAy8y24RJ7q0RAUujYCQ==",
      "dev": true
    },
    "node_modules/@types/media-typer": {
      "version": "1.1.1",
      "resolved": "https://registry.npmjs.org/@types/media-typer/-/media-typer-1.1.1.tgz",
      "integrity": "sha512-pj9YTwjWbh+cuwZ/74+SPNe+MI6npNZ13o9WslckpgXhOaVrugE/ru1XhZCkAoob+oOiD6zrdhtzVTObfqIRgQ==",
      "dev": true
    },
    "node_modules/@types/merge-descriptors": {
      "version": "1.0.1",
      "resolved": "https://registry.npmjs.org/@types/merge-descriptors/-/merge-descriptors-1.0.1.tgz",
      "integrity": "sha512-dvY3+KXKTXn7sD9bFQsaPcw3FN9ljk82YDUDl7O2FsBVBhiN7Ya216aYUqUvlRdbL/lvW90SYAUJZ1fFnmtMUQ==",
      "dev": true
    },
    "node_modules/@types/methods": {
      "version": "1.1.1",
      "resolved": "https://registry.npmjs.org/@types/methods/-/methods-1.1.1.tgz",
      "integrity": "sha512-hvD1Yz0xugpvbFNVihc0Eu60Y/o1dD8LmSdN4d5QHV315ljuVGlwS5DYrb3RqFi6JskDC0Xi6/Bv6aEe/1A9bw==",
      "dev": true
    },
    "node_modules/@types/mime": {
      "version": "2.0.3",
      "resolved": "https://registry.npmjs.org/@types/mime/-/mime-2.0.3.tgz",
      "integrity": "sha512-Jus9s4CDbqwocc5pOAnh8ShfrnMcPHuJYzVcSUU7lrh8Ni5HuIqX3oilL86p3dlTrk0LzHRCgA/GQ7uNCw6l2Q==",
      "dev": true
    },
    "node_modules/@types/mime-db": {
      "version": "1.43.1",
      "resolved": "https://registry.npmjs.org/@types/mime-db/-/mime-db-1.43.1.tgz",
      "integrity": "sha512-kGZJY+R+WnR5Rk+RPHUMERtb2qBRViIHCBdtUrY+NmwuGb8pQdfTqQiCKPrxpdoycl8KWm2DLdkpoSdt479XoQ==",
      "dev": true
    },
    "node_modules/@types/mime-types": {
      "version": "2.1.1",
      "resolved": "https://registry.npmjs.org/@types/mime-types/-/mime-types-2.1.1.tgz",
      "integrity": "sha512-vXOTGVSLR2jMw440moWTC7H19iUyLtP3Z1YTj7cSsubOICinjMxFeb/V57v9QdyyPGbbWolUFSSmSiRSn94tFw==",
      "dev": true
    },
    "node_modules/@types/ms": {
      "version": "0.7.31",
      "resolved": "https://registry.npmjs.org/@types/ms/-/ms-0.7.31.tgz",
      "integrity": "sha512-iiUgKzV9AuaEkZqkOLDIvlQiL6ltuZd9tGcW3gwpnX8JbuiuhFlEGmmFXEXkN50Cvq7Os88IY2v0dkDqXYWVgA==",
      "dev": true
    },
    "node_modules/@types/mysql": {
      "version": "2.15.20",
      "resolved": "https://registry.npmjs.org/@types/mysql/-/mysql-2.15.20.tgz",
      "integrity": "sha512-QyOqSRhe540jmdg3AqiS8AbCDvSwDgxAJcsBkMqDQw0y87OQla7y8RFW/MYcUUHBFi1AZrRYkjzSAL/bfCKMuQ==",
      "dev": true,
      "dependencies": {
        "@types/node": "*"
      }
    },
    "node_modules/@types/negotiator": {
      "version": "0.6.1",
      "resolved": "https://registry.npmjs.org/@types/negotiator/-/negotiator-0.6.1.tgz",
      "integrity": "sha512-c4mvXFByghezQ/eVGN5HvH/jI63vm3B7FiE81BUzDAWmuiohRecCO6ddU60dfq29oKUMiQujsoB2h0JQC7JHKA==",
      "dev": true
    },
    "node_modules/@types/node": {
      "version": "17.0.8",
      "dev": true,
      "license": "MIT"
    },
    "node_modules/@types/on-finished": {
      "version": "2.3.1",
      "resolved": "https://registry.npmjs.org/@types/on-finished/-/on-finished-2.3.1.tgz",
      "integrity": "sha512-mzVYaYcFs5Jd2n/O6uYIRUsFRR1cHyZLRvkLCU0E7+G5WhY0qBDAR5fUCeZbvecYOSh9ikhlesyi2UfI8B9ckQ==",
      "dev": true,
      "dependencies": {
        "@types/node": "*"
      }
    },
    "node_modules/@types/parseurl": {
      "version": "1.3.1",
      "resolved": "https://registry.npmjs.org/@types/parseurl/-/parseurl-1.3.1.tgz",
      "integrity": "sha1-48sRAhYOSO+ln0l8TsIt7k87Wyc=",
      "dev": true,
      "dependencies": {
        "@types/node": "*"
      }
    },
    "node_modules/@types/proxy-addr": {
      "version": "2.0.0",
      "resolved": "https://registry.npmjs.org/@types/proxy-addr/-/proxy-addr-2.0.0.tgz",
      "integrity": "sha512-JEm0kSrO3CjbFSLpYeYhCscS0vpW1mIWedhWuurJnYbMzY1vcm9fzJ6TL6SWq3m/m3g4KUV5JBT69mQSwUHZHg==",
      "dev": true,
      "dependencies": {
        "@types/node": "*"
      }
    },
    "node_modules/@types/qs": {
      "version": "6.9.7",
      "resolved": "https://registry.npmjs.org/@types/qs/-/qs-6.9.7.tgz",
      "integrity": "sha512-FGa1F62FT09qcrueBA6qYTrJPVDzah9a+493+o2PCXsesWHIn27G98TsSMs3WPNbZIEj4+VJf6saSFpvD+3Zsw==",
      "dev": true
    },
    "node_modules/@types/range-parser": {
      "version": "1.2.4",
      "resolved": "https://registry.npmjs.org/@types/range-parser/-/range-parser-1.2.4.tgz",
      "integrity": "sha512-EEhsLsD6UsDM1yFhAvy0Cjr6VwmpMWqFBCb9w07wVugF7w9nfajxLuVmngTIpgS6svCnm6Vaw+MZhoDCKnOfsw==",
      "dev": true
    },
    "node_modules/@types/readable-stream": {
      "version": "2.3.13",
      "resolved": "https://registry.npmjs.org/@types/readable-stream/-/readable-stream-2.3.13.tgz",
      "integrity": "sha512-4JSCx8EUzaW9Idevt+9lsRAt1lcSccoQfE+AouM1gk8sFxnnytKNIO3wTl9Dy+4m6jRJ1yXhboLHHT/LXBQiEw==",
      "dev": true,
      "dependencies": {
        "@types/node": "*",
        "safe-buffer": "*"
      }
    },
    "node_modules/@types/safer-buffer": {
      "version": "2.1.0",
      "resolved": "https://registry.npmjs.org/@types/safer-buffer/-/safer-buffer-2.1.0.tgz",
      "integrity": "sha512-04WlrCdOLy1Ejpwc3A7qyZzsH6uqeWoH+XO80V8S8NRubGg+E4FMMM3VAS6jZZ8w+dXki1/5FI5upmMDQlaQsQ==",
      "dev": true,
      "dependencies": {
        "@types/node": "*"
      }
    },
    "node_modules/@types/send": {
      "version": "0.17.1",
      "resolved": "https://registry.npmjs.org/@types/send/-/send-0.17.1.tgz",
      "integrity": "sha512-Cwo8LE/0rnvX7kIIa3QHCkcuF21c05Ayb0ZfxPiv0W8VRiZiNW/WuRupHKpqqGVGf7SUA44QSOUKaEd9lIrd/Q==",
      "dev": true,
      "dependencies": {
        "@types/mime": "^1",
        "@types/node": "*"
      }
    },
    "node_modules/@types/send/node_modules/@types/mime": {
      "version": "1.3.2",
      "dev": true,
      "license": "MIT"
    },
    "node_modules/@types/serve-static": {
      "version": "1.13.10",
      "resolved": "https://registry.npmjs.org/@types/serve-static/-/serve-static-1.13.10.tgz",
      "integrity": "sha512-nCkHGI4w7ZgAdNkrEu0bv+4xNV/XDqW+DydknebMOQwkpDGx8G+HTlj7R7ABI8i8nKxVw0wtKPi1D+lPOkh4YQ==",
      "dev": true,
      "dependencies": {
        "@types/mime": "^1",
        "@types/node": "*"
      }
    },
    "node_modules/@types/serve-static/node_modules/@types/mime": {
      "version": "1.3.2",
      "dev": true,
      "license": "MIT"
    },
    "node_modules/@types/sqlstring": {
      "version": "2.3.0",
      "resolved": "https://registry.npmjs.org/@types/sqlstring/-/sqlstring-2.3.0.tgz",
      "integrity": "sha512-kMFecDYYFk/f5fljO0UFrSPwU1JxY4mIjX6ic7MHv5nD6sEd3NYLoWcOV/3s6Drs7RHdCwTQdD5NdgVl0I2zzg==",
      "dev": true
    },
    "node_modules/@types/statuses": {
      "version": "2.0.0",
      "resolved": "https://registry.npmjs.org/@types/statuses/-/statuses-2.0.0.tgz",
      "integrity": "sha512-V4dX/J9hyQ8hq2hztP+8xB1girGot5ltjtmxaJusf6AGyxi2RvWJrpWj4/DxF0/GFNOkswUVnbkGXKaaY9juQQ==",
      "dev": true
    },
    "node_modules/@types/type-is": {
      "version": "1.6.3",
      "resolved": "https://registry.npmjs.org/@types/type-is/-/type-is-1.6.3.tgz",
      "integrity": "sha512-PNs5wHaNcBgCQG5nAeeZ7OvosrEsI9O4W2jAOO9BCCg4ux9ZZvH2+0iSCOIDBiKuQsiNS8CBlmfX9f5YBQ22cA==",
      "dev": true,
      "dependencies": {
        "@types/node": "*"
      }
    },
    "node_modules/@types/util-deprecate": {
      "version": "1.0.0",
      "resolved": "https://registry.npmjs.org/@types/util-deprecate/-/util-deprecate-1.0.0.tgz",
      "integrity": "sha512-I2vixiQ+mrmKxfdLNvaa766nulrMVDoUQiSQoNeTjFUNAt8klnMgDh3yy/bH/r275357q30ACOEUaxFOR8YVrA==",
      "dev": true
    },
    "node_modules/@types/utils-merge": {
      "version": "0.0.28",
      "resolved": "https://registry.npmjs.org/@types/utils-merge/-/utils-merge-0.0.28.tgz",
      "integrity": "sha1-QpEICsnp0Zefv6FegECBDKWsa9g=",
      "dev": true
    },
    "node_modules/@types/vary": {
      "version": "1.1.0",
      "resolved": "https://registry.npmjs.org/@types/vary/-/vary-1.1.0.tgz",
      "integrity": "sha512-LQWqrIa0dvEOOH37lGksMEXbypRLUFqu6Gx0pmX7zIUisD2I/qaVgEX/vJ/PSVSW0Hk6yz1BNkFpqg6dZm3Wug==",
      "dev": true,
      "dependencies": {
        "@types/node": "*"
      }
    },
    "node_modules/safe-buffer": {
      "version": "5.2.1",
      "dev": true,
      "funding": [
        {
          "type": "github",
          "url": "https://github.com/sponsors/feross"
        },
        {
          "type": "patreon",
          "url": "https://www.patreon.com/feross"
        },
        {
          "type": "consulting",
          "url": "https://feross.org/support"
        }
      ],
      "license": "MIT"
    },
    "node_modules/types-registry": {
      "version": "0.1.575",
      "resolved": "https://registry.npmjs.org/types-registry/-/types-registry-0.1.575.tgz",
      "integrity": "sha512-EPLlvAw/nDrGkW8UhdUthzQ/amsWWnvD5wi0mucriMUhpeSoyNdurqjq7N/+yxwOnVsvhzFc3IW1KETAI8+Fvg=="
    }
  },
  "dependencies": {
    "@types/accepts": {
      "version": "1.3.5",
      "resolved": "https://registry.npmjs.org/@types/accepts/-/accepts-1.3.5.tgz",
      "integrity": "sha512-jOdnI/3qTpHABjM5cx1Hc0sKsPoYCp+DP/GJRGtDlPd7fiV9oXGGIcjW/ZOxLIvjGz8MA+uMZI9metHlgqbgwQ==",
      "dev": true,
      "requires": {
        "@types/node": "*"
      }
    },
    "@types/body-parser": {
      "version": "1.19.2",
      "resolved": "https://registry.npmjs.org/@types/body-parser/-/body-parser-1.19.2.tgz",
      "integrity": "sha512-ALYone6pm6QmwZoAgeyNksccT9Q4AWZQ6PvfwR37GT6r6FWUPguq6sUmNGSMV2Wr761oQoBxwGGa6DR5o1DC9g==",
      "dev": true,
      "requires": {
        "@types/connect": "*",
        "@types/node": "*"
      }
    },
    "@types/bytes": {
      "version": "3.1.1",
      "resolved": "https://registry.npmjs.org/@types/bytes/-/bytes-3.1.1.tgz",
      "integrity": "sha512-lOGyCnw+2JVPKU3wIV0srU0NyALwTBJlVSx5DfMQOFuuohA8y9S8orImpuIQikZ0uIQ8gehrRjxgQC1rLRi11w==",
      "dev": true
    },
    "@types/connect": {
      "version": "3.4.35",
      "dev": true,
      "requires": {
        "@types/node": "*"
      }
    },
    "@types/content-disposition": {
      "version": "0.5.4",
      "resolved": "https://registry.npmjs.org/@types/content-disposition/-/content-disposition-0.5.4.tgz",
      "integrity": "sha512-0mPF08jn9zYI0n0Q/Pnz7C4kThdSt+6LD4amsrYDDpgBfrVWa3TcCOxKX1zkGgYniGagRv8heN2cbh+CAn+uuQ==",
      "dev": true
    },
    "@types/content-type": {
      "version": "1.1.5",
      "resolved": "https://registry.npmjs.org/@types/content-type/-/content-type-1.1.5.tgz",
      "integrity": "sha512-dgMN+syt1xb7Hk8LU6AODOfPlvz5z1CbXpPuJE5ZrX9STfBOIXF09pEB8N7a97WT9dbngt3ksDCm6GW6yMrxfQ==",
      "dev": true
    },
    "@types/cookie": {
      "version": "0.4.1",
      "resolved": "https://registry.npmjs.org/@types/cookie/-/cookie-0.4.1.tgz",
      "integrity": "sha512-XW/Aa8APYr6jSVVA1y/DEIZX0/GMKLEVekNG727R8cs56ahETkRAy/3DR7+fJyh7oUgGwNQaRfXCun0+KbWY7Q==",
      "dev": true
    },
    "@types/cookie-signature": {
      "version": "1.0.4",
      "resolved": "https://registry.npmjs.org/@types/cookie-signature/-/cookie-signature-1.0.4.tgz",
      "integrity": "sha512-B9LOCjVnLniz5NHq8pPFQdDjRGtLZKYG7tQHveMeUalWvZgOuLQ5OeWgx3y4/WLJFt0N+tYyk8HMEOsvCjf7Yw==",
      "dev": true
    },
    "@types/debug": {
      "version": "4.1.7",
      "resolved": "https://registry.npmjs.org/@types/debug/-/debug-4.1.7.tgz",
      "integrity": "sha512-9AonUzyTjXXhEOa0DnqpzZi6VHlqKMswga9EXjpXnnqxwLtdvPPtlO8evrI5D9S6asFRCQ6v+wpiUKbw+vKqyg==",
      "dev": true,
      "requires": {
        "@types/ms": "*"
      }
    },
    "@types/depd": {
      "version": "1.1.32",
      "resolved": "https://registry.npmjs.org/@types/depd/-/depd-1.1.32.tgz",
      "integrity": "sha512-kB2cpXs3A0TGWl4a4h74yIwvclYZUTW6Irpee/3Dc1s4Cr5rGPHtpGPpBBpEV1MaKH5z/oul+57oDkEkeRXRnw==",
      "dev": true,
      "requires": {
        "@types/node": "*"
      }
    },
    "@types/destroy": {
      "version": "1.0.0",
      "resolved": "https://registry.npmjs.org/@types/destroy/-/destroy-1.0.0.tgz",
      "integrity": "sha512-nE3ePJLWPRu/qFHN8mj3fWnkr9K9ezwoiG4yOis2DuLeAawlnOOT/pM29JQkityrwfEvkblU5O9iS1bsiMqtDw==",
      "dev": true,
      "requires": {
        "@types/node": "*"
      }
    },
    "@types/ee-first": {
      "version": "1.1.0",
      "resolved": "https://registry.npmjs.org/@types/ee-first/-/ee-first-1.1.0.tgz",
      "integrity": "sha512-Vkq1JoYsK7Uojrh/m+esVXhue+o5yJzqJojgRZawx+BTeztuS2O9fw2f5ZbTAo1qTeD8NKfwZ8WBvdNkBOEOqA==",
      "dev": true,
      "requires": {
        "@types/node": "*"
      }
    },
    "@types/encodeurl": {
      "version": "1.0.0",
      "resolved": "https://registry.npmjs.org/@types/encodeurl/-/encodeurl-1.0.0.tgz",
      "integrity": "sha512-iO2Q6xQOJ5DtOB6wJ2KIetFq9JRTbpzcKTe2aS6CCsa+W9KNWX2yXx9KeB5sY/nBfAWN43LkPg6SFB+ldsW9ZA==",
      "dev": true
    },
    "@types/escape-html": {
      "version": "1.0.1",
      "resolved": "https://registry.npmjs.org/@types/escape-html/-/escape-html-1.0.1.tgz",
      "integrity": "sha512-4mI1FuUUZiuT95fSVqvZxp/ssQK9zsa86S43h9x3zPOSU9BBJ+BfDkXwuaU7BfsD+e7U0/cUUfJFk3iW2M4okA==",
      "dev": true
    },
    "@types/etag": {
      "version": "1.8.1",
      "resolved": "https://registry.npmjs.org/@types/etag/-/etag-1.8.1.tgz",
      "integrity": "sha512-bsKkeSqN7HYyYntFRAmzcwx/dKW4Wa+KVMTInANlI72PWLQmOpZu96j0OqHZGArW4VQwCmJPteQlXaUDeOB0WQ==",
      "dev": true,
      "requires": {
        "@types/node": "*"
      }
    },
    "@types/express": {
      "version": "4.17.13",
      "resolved": "https://registry.npmjs.org/@types/express/-/express-4.17.13.tgz",
      "integrity": "sha512-6bSZTPaTIACxn48l50SR+axgrqm6qXFIxrdAKaG6PaJk3+zuUr35hBlgT7vOmJcum+OEaIBLtHV/qloEAFITeA==",
      "dev": true,
      "requires": {
        "@types/body-parser": "*",
        "@types/express-serve-static-core": "^4.17.18",
        "@types/qs": "*",
        "@types/serve-static": "*"
      }
    },
    "@types/express-serve-static-core": {
      "version": "4.17.27",
      "dev": true,
      "requires": {
        "@types/node": "*",
        "@types/qs": "*",
        "@types/range-parser": "*"
      }
    },
    "@types/finalhandler": {
      "version": "1.1.1",
      "resolved": "https://registry.npmjs.org/@types/finalhandler/-/finalhandler-1.1.1.tgz",
      "integrity": "sha512-fT+Qs+kczrGnY9EpJpFHbdfdyKSoHUCKo3gJYbDWSSQFc18Td87AelfhMM8zqHRcP97/tk8AijV2zSUdClJK+Q==",
      "dev": true,
      "requires": {
        "@types/node": "*"
      }
    },
    "@types/forwarded": {
      "version": "0.1.0",
      "resolved": "https://registry.npmjs.org/@types/forwarded/-/forwarded-0.1.0.tgz",
      "integrity": "sha512-bMAatSgDFLgJ9m+uqmGvRIeZojIZYJmFKkPT+TKFOORgMNgJrjaAnYfr464GDn2q98VKn7VhkxX2tsbO6Fvtig==",
      "dev": true,
      "requires": {
        "@types/node": "*"
      }
    },
    "@types/fresh": {
      "version": "0.5.0",
      "resolved": "https://registry.npmjs.org/@types/fresh/-/fresh-0.5.0.tgz",
      "integrity": "sha512-eGPzuyc6wZM3sSHJdF7NM2jW6B/xsB014Rqg/iDa6xY02mlfy1w/TE2sYhR8vbHxkzJOXiGo6NuIk3xk35vsgQ==",
      "dev": true
    },
    "@types/http-errors": {
      "version": "1.8.1",
      "resolved": "https://registry.npmjs.org/@types/http-errors/-/http-errors-1.8.1.tgz",
      "integrity": "sha512-e+2rjEwK6KDaNOm5Aa9wNGgyS9oSZU/4pfSMMPYNOfjvFI0WVXm29+ITRFr6aKDvvKo7uU1jV68MW4ScsfDi7Q==",
      "dev": true
    },
    "@types/inherits": {
      "version": "0.0.30",
      "resolved": "https://registry.npmjs.org/@types/inherits/-/inherits-0.0.30.tgz",
      "integrity": "sha512-u3bSJhhwCMWsMdZhrX+PD2CsyxW0ahdrUWuC2EJCa6zQywA+nnj4+PkaGAf5nw2E7+05ww0epgY+kcxa7ojJUA==",
      "dev": true,
      "requires": {
        "@types/node": "*"
      }
    },
    "@types/isarray": {
      "version": "2.0.0",
      "resolved": "https://registry.npmjs.org/@types/isarray/-/isarray-2.0.0.tgz",
      "integrity": "sha512-NHg6zbZBs+BHKCFr9iQec3k6DFqNIBdAZRPdeChYG7zFn02mJ2mLjo0rBpEoBuKa64hAy8y24RJ7q0RAUujYCQ==",
      "dev": true
    },
    "@types/media-typer": {
      "version": "1.1.1",
      "resolved": "https://registry.npmjs.org/@types/media-typer/-/media-typer-1.1.1.tgz",
      "integrity": "sha512-pj9YTwjWbh+cuwZ/74+SPNe+MI6npNZ13o9WslckpgXhOaVrugE/ru1XhZCkAoob+oOiD6zrdhtzVTObfqIRgQ==",
      "dev": true
    },
    "@types/merge-descriptors": {
      "version": "1.0.1",
      "resolved": "https://registry.npmjs.org/@types/merge-descriptors/-/merge-descriptors-1.0.1.tgz",
      "integrity": "sha512-dvY3+KXKTXn7sD9bFQsaPcw3FN9ljk82YDUDl7O2FsBVBhiN7Ya216aYUqUvlRdbL/lvW90SYAUJZ1fFnmtMUQ==",
      "dev": true
    },
    "@types/methods": {
      "version": "1.1.1",
      "resolved": "https://registry.npmjs.org/@types/methods/-/methods-1.1.1.tgz",
      "integrity": "sha512-hvD1Yz0xugpvbFNVihc0Eu60Y/o1dD8LmSdN4d5QHV315ljuVGlwS5DYrb3RqFi6JskDC0Xi6/Bv6aEe/1A9bw==",
      "dev": true
    },
    "@types/mime": {
      "version": "2.0.3",
      "resolved": "https://registry.npmjs.org/@types/mime/-/mime-2.0.3.tgz",
      "integrity": "sha512-Jus9s4CDbqwocc5pOAnh8ShfrnMcPHuJYzVcSUU7lrh8Ni5HuIqX3oilL86p3dlTrk0LzHRCgA/GQ7uNCw6l2Q==",
      "dev": true
    },
    "@types/mime-db": {
      "version": "1.43.1",
      "resolved": "https://registry.npmjs.org/@types/mime-db/-/mime-db-1.43.1.tgz",
      "integrity": "sha512-kGZJY+R+WnR5Rk+RPHUMERtb2qBRViIHCBdtUrY+NmwuGb8pQdfTqQiCKPrxpdoycl8KWm2DLdkpoSdt479XoQ==",
      "dev": true
    },
    "@types/mime-types": {
      "version": "2.1.1",
      "resolved": "https://registry.npmjs.org/@types/mime-types/-/mime-types-2.1.1.tgz",
      "integrity": "sha512-vXOTGVSLR2jMw440moWTC7H19iUyLtP3Z1YTj7cSsubOICinjMxFeb/V57v9QdyyPGbbWolUFSSmSiRSn94tFw==",
      "dev": true
    },
    "@types/ms": {
      "version": "0.7.31",
      "resolved": "https://registry.npmjs.org/@types/ms/-/ms-0.7.31.tgz",
      "integrity": "sha512-iiUgKzV9AuaEkZqkOLDIvlQiL6ltuZd9tGcW3gwpnX8JbuiuhFlEGmmFXEXkN50Cvq7Os88IY2v0dkDqXYWVgA==",
      "dev": true
    },
    "@types/mysql": {
      "version": "2.15.20",
      "resolved": "https://registry.npmjs.org/@types/mysql/-/mysql-2.15.20.tgz",
      "integrity": "sha512-QyOqSRhe540jmdg3AqiS8AbCDvSwDgxAJcsBkMqDQw0y87OQla7y8RFW/MYcUUHBFi1AZrRYkjzSAL/bfCKMuQ==",
      "dev": true,
      "requires": {
        "@types/node": "*"
      }
    },
    "@types/negotiator": {
      "version": "0.6.1",
      "resolved": "https://registry.npmjs.org/@types/negotiator/-/negotiator-0.6.1.tgz",
      "integrity": "sha512-c4mvXFByghezQ/eVGN5HvH/jI63vm3B7FiE81BUzDAWmuiohRecCO6ddU60dfq29oKUMiQujsoB2h0JQC7JHKA==",
      "dev": true
    },
    "@types/node": {
      "version": "17.0.8",
      "dev": true
    },
    "@types/on-finished": {
      "version": "2.3.1",
      "resolved": "https://registry.npmjs.org/@types/on-finished/-/on-finished-2.3.1.tgz",
      "integrity": "sha512-mzVYaYcFs5Jd2n/O6uYIRUsFRR1cHyZLRvkLCU0E7+G5WhY0qBDAR5fUCeZbvecYOSh9ikhlesyi2UfI8B9ckQ==",
      "dev": true,
      "requires": {
        "@types/node": "*"
      }
    },
    "@types/parseurl": {
      "version": "1.3.1",
      "resolved": "https://registry.npmjs.org/@types/parseurl/-/parseurl-1.3.1.tgz",
      "integrity": "sha1-48sRAhYOSO+ln0l8TsIt7k87Wyc=",
      "dev": true,
      "requires": {
        "@types/node": "*"
      }
    },
    "@types/proxy-addr": {
      "version": "2.0.0",
      "resolved": "https://registry.npmjs.org/@types/proxy-addr/-/proxy-addr-2.0.0.tgz",
      "integrity": "sha512-JEm0kSrO3CjbFSLpYeYhCscS0vpW1mIWedhWuurJnYbMzY1vcm9fzJ6TL6SWq3m/m3g4KUV5JBT69mQSwUHZHg==",
      "dev": true,
      "requires": {
        "@types/node": "*"
      }
    },
    "@types/qs": {
      "version": "6.9.7",
      "resolved": "https://registry.npmjs.org/@types/qs/-/qs-6.9.7.tgz",
      "integrity": "sha512-FGa1F62FT09qcrueBA6qYTrJPVDzah9a+493+o2PCXsesWHIn27G98TsSMs3WPNbZIEj4+VJf6saSFpvD+3Zsw==",
      "dev": true
    },
    "@types/range-parser": {
      "version": "1.2.4",
      "resolved": "https://registry.npmjs.org/@types/range-parser/-/range-parser-1.2.4.tgz",
      "integrity": "sha512-EEhsLsD6UsDM1yFhAvy0Cjr6VwmpMWqFBCb9w07wVugF7w9nfajxLuVmngTIpgS6svCnm6Vaw+MZhoDCKnOfsw==",
      "dev": true
    },
    "@types/readable-stream": {
      "version": "2.3.13",
      "resolved": "https://registry.npmjs.org/@types/readable-stream/-/readable-stream-2.3.13.tgz",
      "integrity": "sha512-4JSCx8EUzaW9Idevt+9lsRAt1lcSccoQfE+AouM1gk8sFxnnytKNIO3wTl9Dy+4m6jRJ1yXhboLHHT/LXBQiEw==",
      "dev": true,
      "requires": {
        "@types/node": "*",
        "safe-buffer": "*"
      }
    },
    "@types/safer-buffer": {
      "version": "2.1.0",
      "resolved": "https://registry.npmjs.org/@types/safer-buffer/-/safer-buffer-2.1.0.tgz",
      "integrity": "sha512-04WlrCdOLy1Ejpwc3A7qyZzsH6uqeWoH+XO80V8S8NRubGg+E4FMMM3VAS6jZZ8w+dXki1/5FI5upmMDQlaQsQ==",
      "dev": true,
      "requires": {
        "@types/node": "*"
      }
    },
    "@types/send": {
      "version": "0.17.1",
      "resolved": "https://registry.npmjs.org/@types/send/-/send-0.17.1.tgz",
      "integrity": "sha512-Cwo8LE/0rnvX7kIIa3QHCkcuF21c05Ayb0ZfxPiv0W8VRiZiNW/WuRupHKpqqGVGf7SUA44QSOUKaEd9lIrd/Q==",
      "dev": true,
      "requires": {
        "@types/mime": "^1",
        "@types/node": "*"
      },
      "dependencies": {
        "@types/mime": {
          "version": "1.3.2",
          "dev": true
        }
      }
    },
    "@types/serve-static": {
      "version": "1.13.10",
      "resolved": "https://registry.npmjs.org/@types/serve-static/-/serve-static-1.13.10.tgz",
      "integrity": "sha512-nCkHGI4w7ZgAdNkrEu0bv+4xNV/XDqW+DydknebMOQwkpDGx8G+HTlj7R7ABI8i8nKxVw0wtKPi1D+lPOkh4YQ==",
      "dev": true,
      "requires": {
        "@types/mime": "^1",
        "@types/node": "*"
      },
      "dependencies": {
        "@types/mime": {
          "version": "1.3.2",
          "dev": true
        }
      }
    },
    "@types/sqlstring": {
      "version": "2.3.0",
      "resolved": "https://registry.npmjs.org/@types/sqlstring/-/sqlstring-2.3.0.tgz",
      "integrity": "sha512-kMFecDYYFk/f5fljO0UFrSPwU1JxY4mIjX6ic7MHv5nD6sEd3NYLoWcOV/3s6Drs7RHdCwTQdD5NdgVl0I2zzg==",
      "dev": true
    },
    "@types/statuses": {
      "version": "2.0.0",
      "resolved": "https://registry.npmjs.org/@types/statuses/-/statuses-2.0.0.tgz",
      "integrity": "sha512-V4dX/J9hyQ8hq2hztP+8xB1girGot5ltjtmxaJusf6AGyxi2RvWJrpWj4/DxF0/GFNOkswUVnbkGXKaaY9juQQ==",
      "dev": true
    },
    "@types/type-is": {
      "version": "1.6.3",
      "resolved": "https://registry.npmjs.org/@types/type-is/-/type-is-1.6.3.tgz",
      "integrity": "sha512-PNs5wHaNcBgCQG5nAeeZ7OvosrEsI9O4W2jAOO9BCCg4ux9ZZvH2+0iSCOIDBiKuQsiNS8CBlmfX9f5YBQ22cA==",
      "dev": true,
      "requires": {
        "@types/node": "*"
      }
    },
    "@types/util-deprecate": {
      "version": "1.0.0",
      "resolved": "https://registry.npmjs.org/@types/util-deprecate/-/util-deprecate-1.0.0.tgz",
      "integrity": "sha512-I2vixiQ+mrmKxfdLNvaa766nulrMVDoUQiSQoNeTjFUNAt8klnMgDh3yy/bH/r275357q30ACOEUaxFOR8YVrA==",
      "dev": true
    },
    "@types/utils-merge": {
      "version": "0.0.28",
      "resolved": "https://registry.npmjs.org/@types/utils-merge/-/utils-merge-0.0.28.tgz",
      "integrity": "sha1-QpEICsnp0Zefv6FegECBDKWsa9g=",
      "dev": true
    },
    "@types/vary": {
      "version": "1.1.0",
      "resolved": "https://registry.npmjs.org/@types/vary/-/vary-1.1.0.tgz",
      "integrity": "sha512-LQWqrIa0dvEOOH37lGksMEXbypRLUFqu6Gx0pmX7zIUisD2I/qaVgEX/vJ/PSVSW0Hk6yz1BNkFpqg6dZm3Wug==",
      "dev": true,
      "requires": {
        "@types/node": "*"
      }
    },
    "safe-buffer": {
      "version": "5.2.1",
      "dev": true
    },
    "types-registry": {
      "version": "0.1.575",
      "resolved": "https://registry.npmjs.org/types-registry/-/types-registry-0.1.575.tgz",
      "integrity": "sha512-EPLlvAw/nDrGkW8UhdUthzQ/amsWWnvD5wi0mucriMUhpeSoyNdurqjq7N/+yxwOnVsvhzFc3IW1KETAI8+Fvg=="
    }
  }
}
